{
  "name": "knee_test",
  "version": "1.0.0",
  "lockfileVersion": 1,
  "requires": true,
  "dependencies": {
    "knee": {
      "version": "0.0.6",
      "resolved": "https://registry.npmjs.org/knee/-/knee-0.0.6.tgz",
      "integrity": "sha512-Cf8Q5wQsCJg2P9PDpAwnCGSdv8ujcC2WjWeFj/yI3SlOGJZEjGwuwltsfx1NoxWX8WWw5+t1J5XckyeO2gRVbg=="
    }
  }
}
